
Microsoft Visual Studio Solution File, Format Version 12.00
# Visual Studio Version 16
VisualStudioVersion = 16.0.31402.337
MinimumVisualStudioVersion = 10.0.40219.1
Project("{2150E333-8FDC-42A3-9474-1A3956D46DE8}") = "src", "src", "{DC8E3E64-C2ED-4B01-9CD2-524EC95DEAD9}"
EndProject
Project("{FAE04EC0-301F-11D3-BF4B-00C04F79EFBC}") = "WhatsappChatbot.Api", "src\WhatsappChatbot.Api\WhatsappChatbot.Api.csproj", "{77759B74-3235-44C5-94D8-BAF52DAE2758}"
EndProject
Project("{2150E333-8FDC-42A3-9474-1A3956D46DE8}") = "plugins", "plugins", "{8E8404A7-9561-481A-9536-B86217334800}"
EndProject
Project("{FAE04EC0-301F-11D3-BF4B-00C04F79EFBC}") = "WhatsAppCloudAPI.Standard", "plugins\WhatsAppCloudAPI\WhatsAppCloudAPI.Standard\WhatsAppCloudAPI.Standard.csproj", "{11E6FD85-D37C-49D7-B7AA-2E753B89BCB3}"
EndProject
Project("{FAE04EC0-301F-11D3-BF4B-00C04F79EFBC}") = "PersonalCRM.Standard", "Personal CRM-CS_NET_STANDARD_LIB\PersonalCRM.Standard\PersonalCRM.Standard.csproj", "{45AF84FE-545A-45A1-8B28-9A4B37F08826}"
EndProject
Global
	GlobalSection(SolutionConfigurationPlatforms) = preSolution
		Debug|Any CPU = Debug|Any CPU
		Release|Any CPU = Release|Any CPU
	EndGlobalSection
	GlobalSection(ProjectConfigurationPlatforms) = postSolution
		{77759B74-3235-44C5-94D8-BAF52DAE2758}.Debug|Any CPU.ActiveCfg = Debug|Any CPU
		{77759B74-3235-44C5-94D8-BAF52DAE2758}.Debug|Any CPU.Build.0 = Debug|Any CPU
		{77759B74-3235-44C5-94D8-BAF52DAE2758}.Release|Any CPU.ActiveCfg = Release|Any CPU
		{77759B74-3235-44C5-94D8-BAF52DAE2758}.Release|Any CPU.Build.0 = Release|Any CPU
		{11E6FD85-D37C-49D7-B7AA-2E753B89BCB3}.Debug|Any CPU.ActiveCfg = Debug|Any CPU
		{11E6FD85-D37C-49D7-B7AA-2E753B89BCB3}.Debug|Any CPU.Build.0 = Debug|Any CPU
		{11E6FD85-D37C-49D7-B7AA-2E753B89BCB3}.Release|Any CPU.ActiveCfg = Release|Any CPU
		{11E6FD85-D37C-49D7-B7AA-2E753B89BCB3}.Release|Any CPU.Build.0 = Release|Any CPU
		{45AF84FE-545A-45A1-8B28-9A4B37F08826}.Debug|Any CPU.ActiveCfg = Debug|Any CPU
		{45AF84FE-545A-45A1-8B28-9A4B37F08826}.Debug|Any CPU.Build.0 = Debug|Any CPU
		{45AF84FE-545A-45A1-8B28-9A4B37F08826}.Release|Any CPU.ActiveCfg = Release|Any CPU
		{45AF84FE-545A-45A1-8B28-9A4B37F08826}.Release|Any CPU.Build.0 = Release|Any CPU
	EndGlobalSection
	GlobalSection(SolutionProperties) = preSolution
		HideSolutionNode = FALSE
	EndGlobalSection
	GlobalSection(ExtensibilityGlobals) = postSolution
		SolutionGuid = {FB9D5AD2-91EE-4C09-8B7C-B709B5FC168A}
	EndGlobalSection
	GlobalSection(NestedProjects) = preSolution
		{77759B74-3235-44C5-94D8-BAF52DAE2758} = {DC8E3E64-C2ED-4B01-9CD2-524EC95DEAD9}
		{11E6FD85-D37C-49D7-B7AA-2E753B89BCB3} = {8E8404A7-9561-481A-9536-B86217334800}
		{45AF84FE-545A-45A1-8B28-9A4B37F08826} = {8E8404A7-9561-481A-9536-B86217334800}
	EndGlobalSection
EndGlobal
