Microsoft Visual Studio Solution File, Format Version 12.00
# Visual Studio 15
VisualStudioVersion = 15.0.26430.14
MinimumVisualStudioVersion = 10.0.40219.1
Project("{FAE04EC0-301F-11D3-BF4B-00C04F79EFBC}") = "OpenAIAPI.Standard", "OpenAIAPI.Standard/OpenAIAPI.Standard.csproj", "{69983c63-76a3-4539-8422-b3378be32881}"
EndProject
Project("{FAE04EC0-301F-11D3-BF4B-00C04F79EFBC}") = "OpenAIAPI.Tests", "OpenAIAPI.Tests/OpenAIAPI.Tests.csproj", "{d3d531d8-aa71-40c9-a118-fff5919a5440}"
EndProject
Global
    GlobalSection(SolutionConfigurationPlatforms) = preSolution
        Debug|Any CPU = Debug|Any CPU
        Release|Any CPU = Release|Any CPU
    EndGlobalSection
    GlobalSection(ProjectConfigurationPlatforms) = postSolution
        {69983c63-76a3-4539-8422-b3378be32881}.Debug|Any CPU.ActiveCfg = Debug|Any CPU
        {69983c63-76a3-4539-8422-b3378be32881}.Debug|Any CPU.Build.0 = Debug|Any CPU
        {69983c63-76a3-4539-8422-b3378be32881}.Release|Any CPU.ActiveCfg = Release|Any CPU
        {69983c63-76a3-4539-8422-b3378be32881}.Release|Any CPU.Build.0 = Release|Any CPU
        {d3d531d8-aa71-40c9-a118-fff5919a5440}.Debug|Any CPU.ActiveCfg = Debug|Any CPU
        {d3d531d8-aa71-40c9-a118-fff5919a5440}.Debug|Any CPU.Build.0 = Debug|Any CPU
        {d3d531d8-aa71-40c9-a118-fff5919a5440}.Release|Any CPU.ActiveCfg = Release|Any CPU
        {d3d531d8-aa71-40c9-a118-fff5919a5440}.Release|Any CPU.Build.0 = Release|Any CPU
    EndGlobalSection
    GlobalSection(SolutionProperties) = preSolution
        HideSolutionNode = FALSE
    EndGlobalSection
EndGlobal
